// !$*UTF8*$!
{
	archiveVersion = 1;
	classes = {
	};
	objectVersion = 46;
	objects = {

/* Begin PBXBuildFile section */
		579407481DA7D81800D238A9 /* AppDelegate.swift in Sources */ = {isa = PBXBuildFile; fileRef = 579407471DA7D81800D238A9 /* AppDelegate.swift */; };
		5794074A1DA7D81800D238A9 /* ViewController.swift in Sources */ = {isa = PBXBuildFile; fileRef = 579407491DA7D81800D238A9 /* ViewController.swift */; };
		5794074D1DA7D81800D238A9 /* Main.storyboard in Resources */ = {isa = PBXBuildFile; fileRef = 5794074B1DA7D81800D238A9 /* Main.storyboard */; };
		5794074F1DA7D81800D238A9 /* Assets.xcassets in Resources */ = {isa = PBXBuildFile; fileRef = 5794074E1DA7D81800D238A9 /* Assets.xcassets */; };
		579407521DA7D81800D238A9 /* LaunchScreen.storyboard in Resources */ = {isa = PBXBuildFile; fileRef = 579407501DA7D81800D238A9 /* LaunchScreen.storyboard */; };
/* End PBXBuildFile section */

/* Begin PBXFileReference section */
		579407441DA7D81800D238A9 /* PSTagView.app */ = {isa = PBXFileReference; explicitFileType = wrapper.application; includeInIndex = 0; path = PSTagView.app; sourceTree = BUILT_PRODUCTS_DIR; };
		579407471DA7D81800D238A9 /* AppDelegate.swift */ = {isa = PBXFileReference; lastKnownFileType = sourcecode.swift; path = AppDelegate.swift; sourceTree = "<group>"; };
		579407491DA7D81800D238A9 /* ViewController.swift */ = {isa = PBXFileReference; lastKnownFileType = sourcecode.swift; path = ViewController.swift; sourceTree = "<group>"; };
		5794074C1DA7D81800D238A9 /* Base */ = {isa = PBXFileReference; lastKnownFileType = file.storyboard; name = Base; path = Base.lproj/Main.storyboard; sourceTree = "<group>"; };
		5794074E1DA7D81800D238A9 /* Assets.xcassets */ = {isa = PBXFileReference; lastKnownFileType = folder.assetcatalog; path = Assets.xcassets; sourceTree = "<group>"; };
		579407511DA7D81800D238A9 /* Base */ = {isa = PBXFileReference; lastKnownFileType = file.storyboard; name = Base; path = Base.lproj/LaunchScreen.storyboard; sourceTree = "<group>"; };
		579407531DA7D81800D238A9 /* Info.plist */ = {isa = PBXFileReference; lastKnownFileType = text.plist.xml; path = Info.plist; sourceTree = "<group>"; };
/* End PBXFileReference section */

/* Begin PBXFrameworksBuildPhase section */
		579407411DA7D81800D238A9 /* Frameworks */ = {
			isa = PBXFrameworksBuildPhase;
			buildActionMask = 2147483647;
			files = (
			);
			runOnlyForDeploymentPostprocessing = 0;
		};
/* End PBXFrameworksBuildPhase section */

/* Begin PBXGroup section */
		5794073B1DA7D81800D238A9 = {
			isa = PBXGroup;
			children = (
				579407461DA7D81800D238A9 /* PSTagView */,
				579407451DA7D81800D238A9 /* Products */,
			);
			sourceTree = "<group>";
		};
		579407451DA7D81800D238A9 /* Products */ = {
			isa = PBXGroup;
			children = (
				579407441DA7D81800D238A9 /* PSTagView.app */,
			);
			name = Products;
			sourceTree = "<group>";
		};
		579407461DA7D81800D238A9 /* PSTagView */ = {
			isa = PBXGroup;
			children = (
				579407471DA7D81800D238A9 /* AppDelegate.swift */,
				579407491DA7D81800D238A9 /* ViewController.swift */,
				5794074B1DA7D81800D238A9 /* Main.storyboard */,
				5794074E1DA7D81800D238A9 /* Assets.xcassets */,
				579407501DA7D81800D238A9 /* LaunchScreen.storyboard */,
				579407531DA7D81800D238A9 /* Info.plist */,
			);
			path = PSTagView;
			sourceTree = "<group>";
		};
/* End PBXGroup section */

/* Begin PBXNativeTarget section */
		579407431DA7D81800D238A9 /* PSTagView */ = {
			isa = PBXNativeTarget;
			buildConfigurationList = 579407561DA7D81800D238A9 /* Build configuration list for PBXNativeTarget "PSTagView" */;
			buildPhases = (
				579407401DA7D81800D238A9 /* Sources */,
				579407411DA7D81800D238A9 /* Frameworks */,
				579407421DA7D81800D238A9 /* Resources */,
			);
			buildRules = (
			);
			dependencies = (
			);
			name = PSTagView;
			productName = PSTagView;
			productReference = 579407441DA7D81800D238A9 /* PSTagView.app */;
			productType = "com.apple.product-type.application";
		};
/* End PBXNativeTarget section */

/* Begin PBXProject section */
		5794073C1DA7D81800D238A9 /* Project object */ = {
			isa = PBXProject;
			attributes = {
				LastSwiftUpdateCheck = 0730;
				LastUpgradeCheck = 0730;
				ORGANIZATIONNAME = "MarijuanaInc Studio";
				TargetAttributes = {
					579407431DA7D81800D238A9 = {
						CreatedOnToolsVersion = 7.3.1;
					};
				};
			};
			buildConfigurationList = 5794073F1DA7D81800D238A9 /* Build configuration list for PBXProject "PSTagView" */;
			compatibilityVersion = "Xcode 3.2";
			developmentRegion = English;
			hasScannedForEncodings = 0;
			knownRegions = (
				en,
				Base,
			);
			mainGroup = 5794073B1DA7D81800D238A9;
			productRefGroup = 579407451DA7D81800D238A9 /* Products */;
			projectDirPath = "";
			projectRoot = "";
			targets = (
				579407431DA7D81800D238A9 /* PSTagView */,
			);
		};
/* End PBXProject section */

/* Begin PBXResourcesBuildPhase section */
		579407421DA7D81800D238A9 /* Resources */ = {
			isa = PBXResourcesBuildPhase;
			buildActionMask = 2147483647;
			files = (
				579407521DA7D81800D238A9 /* LaunchScreen.storyboard in Resources */,
				5794074F1DA7D81800D238A9 /* Assets.xcassets in Resources */,
				5794074D1DA7D81800D238A9 /* Main.storyboard in Resources */,
			);
			runOnlyForDeploymentPostprocessing = 0;
		};
/* End PBXResourcesBuildPhase section */

/* Begin PBXSourcesBuildPhase section */
		579407401DA7D81800D238A9 /* Sources */ = {
			isa = PBXSourcesBuildPhase;
			buildActionMask = 2147483647;
			files = (
				5794074A1DA7D81800D238A9 /* ViewController.swift in Sources */,
				579407481DA7D81800D238A9 /* AppDelegate.swift in Sources */,
			);
			runOnlyForDeploymentPostprocessing = 0;
		};
/* End PBXSourcesBuildPhase section */

/* Begin PBXVariantGroup section */
		5794074B1DA7D81800D238A9 /* Main.storyboard */ = {
			isa = PBXVariantGroup;
			children = (
				5794074C1DA7D81800D238A9 /* Base */,
			);
			name = Main.storyboard;
			sourceTree = "<group>";
		};
		579407501DA7D81800D238A9 /* LaunchScreen.storyboard */ = {
			isa = PBXVariantGroup;
			children = (
				579407511DA7D81800D238A9 /* Base */,
			);
			name = LaunchScreen.storyboard;
			sourceTree = "<group>";
		};
/* End PBXVariantGroup section */

/* Begin XCBuildConfiguration section */
		579407541DA7D81800D238A9 /* Debug */ = {
			isa = XCBuildConfiguration;
			buildSettings = {
				ALWAYS_SEARCH_USER_PATHS = NO;
				CLANG_ANALYZER_NONNULL = YES;
				CLANG_CXX_LANGUAGE_STANDARD = "gnu++0x";
				CLANG_CXX_LIBRARY = "libc++";
				CLANG_ENABLE_MODULES = YES;
				CLANG_ENABLE_OBJC_ARC = YES;
				CLANG_WARN_BOOL_CONVERSION = YES;
				CLANG_WARN_CONSTANT_CONVERSION = YES;
				CLANG_WARN_DIRECT_OBJC_ISA_USAGE = YES_ERROR;
				CLANG_WARN_EMPTY_BODY = YES;
				CLANG_WARN_ENUM_CONVERSION = YES;
				CLANG_WARN_INT_CONVERSION = YES;
				CLANG_WARN_OBJC_ROOT_CLASS = YES_ERROR;
				CLANG_WARN_UNREACHABLE_CODE = YES;
				CLANG_WARN__DUPLICATE_METHOD_MATCH = YES;
				"CODE_SIGN_IDENTITY[sdk=iphoneos*]" = "iPhone Developer";
				COPY_PHASE_STRIP = NO;
				DEBUG_INFORMATION_FORMAT = dwarf;
				ENABLE_STRICT_OBJC_MSGSEND = YES;
				ENABLE_TESTABILITY = YES;
				GCC_C_LANGUAGE_STANDARD = gnu99;
				GCC_DYNAMIC_NO_PIC = NO;
				GCC_NO_COMMON_BLOCKS = YES;
				GCC_OPTIMIZATION_LEVEL = 0;
				GCC_PREPROCESSOR_DEFINITIONS = (
					"DEBUG=1",
					"$(inherited)",
				);
				GCC_WARN_64_TO_32_BIT_CONVERSION = YES;
				GCC_WARN_ABOUT_RETURN_TYPE = YES_ERROR;
				GCC_WARN_UNDECLARED_SELECTOR = YES;
				GCC_WARN_UNINITIALIZED_AUTOS = YES_AGGRESSIVE;
				GCC_WARN_UNUSED_FUNCTION = YES;
				GCC_WARN_UNUSED_VARIABLE = YES;
				IPHONEOS_DEPLOYMENT_TARGET = 9.3;
				MTL_ENABLE_DEBUG_INFO = YES;
				ONLY_ACTIVE_ARCH = YES;
				SDKROOT = iphoneos;
				SWIFT_OPTIMIZATION_LEVEL = "-Onone";
				TARGETED_DEVICE_FAMILY = "1,2";
			};
			name = Debug;
		};
		579407551DA7D81800D238A9 /* Release */ = {
			isa = XCBuildConfiguration;
			buildSettings = {
				ALWAYS_SEARCH_USER_PATHS = NO;
				CLANG_ANALYZER_NONNULL = YES;
				CLANG_CXX_LANGUAGE_STANDARD = "gnu++0x";
				CLANG_CXX_LIBRARY = "libc++";
				CLANG_ENABLE_MODULES = YES;
				CLANG_ENABLE_OBJC_ARC = YES;
				CLANG_WARN_BOOL_CONVERSION = YES;
				CLANG_WARN_CONSTANT_CONVERSION = YES;
				CLANG_WARN_DIRECT_OBJC_ISA_USAGE = YES_ERROR;
				CLANG_WARN_EMPTY_BODY = YES;
				CLANG_WARN_ENUM_CONVERSION = YES;
				CLANG_WARN_INT_CONVERSION = YES;
				CLANG_WARN_OBJC_ROOT_CLASS = YES_ERROR;
				CLANG_WARN_UNREACHABLE_CODE = YES;
				CLANG_WARN__DUPLICATE_METHOD_MATCH = YES;
				"CODE_SIGN_IDENTITY[sdk=iphoneos*]" = "iPhone Developer";
				COPY_PHASE_STRIP = NO;
				DEBUG_INFORMATION_FORMAT = "dwarf-with-dsym";
				ENABLE_NS_ASSERTIONS = NO;
				ENABLE_STRICT_OBJC_MSGSEND = YES;
				GCC_C_LANGUAGE_STANDARD = gnu99;
				GCC_NO_COMMON_BLOCKS = YES;
				GCC_WARN_64_TO_32_BIT_CONVERSION = YES;
				GCC_WARN_ABOUT_RETURN_TYPE = YES_ERROR;
				GCC_WARN_UNDECLARED_SELECTOR = YES;
				GCC_WARN_UNINITIALIZED_AUTOS = YES_AGGRESSIVE;
				GCC_WARN_UNUSED_FUNCTION = YES;
				GCC_WARN_UNUSED_VARIABLE = YES;
				IPHONEOS_DEPLOYMENT_TARGET = 9.3;
				MTL_ENABLE_DEBUG_INFO = NO;
				SDKROOT = iphoneos;
				TARGETED_DEVICE_FAMILY = "1,2";
				VALIDATE_PRODUCT = YES;
			};
			name = Release;
		};
		579407571DA7D81800D238A9 /* Debug */ = {
			isa = XCBuildConfiguration;
			buildSettings = {
				ASSETCATALOG_COMPILER_APPICON_NAME = AppIcon;
				INFOPLIST_FILE = PSTagView/Info.plist;
				LD_RUNPATH_SEARCH_PATHS = "$(inherited) @executable_path/Frameworks";
				PRODUCT_BUNDLE_IDENTIFIER = in.mjstudios.PSTagView;
				PRODUCT_NAME = "$(TARGET_NAME)";
			};
			name = Debug;
		};
		579407581DA7D81800D238A9 /* Release */ = {
			isa = XCBuildConfiguration;
			buildSettings = {
				ASSETCATALOG_COMPILER_APPICON_NAME = AppIcon;
				INFOPLIST_FILE = PSTagView/Info.plist;
				LD_RUNPATH_SEARCH_PATHS = "$(inherited) @executable_path/Frameworks";
				PRODUCT_BUNDLE_IDENTIFIER = in.mjstudios.PSTagView;
				PRODUCT_NAME = "$(TARGET_NAME)";
			};
			name = Release;
		};
/* End XCBuildConfiguration section */

/* Begin XCConfigurationList section */
		5794073F1DA7D81800D238A9 /* Build configuration list for PBXProject "PSTagView" */ = {
			isa = XCConfigurationList;
			buildConfigurations = (
				579407541DA7D81800D238A9 /* Debug */,
				579407551DA7D81800D238A9 /* Release */,
			);
			defaultConfigurationIsVisible = 0;
			defaultConfigurationName = Release;
		};
		579407561DA7D81800D238A9 /* Build configuration list for PBXNativeTarget "PSTagView" */ = {
			isa = XCConfigurationList;
			buildConfigurations = (
				579407571DA7D81800D238A9 /* Debug */,
				579407581DA7D81800D238A9 /* Release */,
			);
			defaultConfigurationIsVisible = 0;
		};
/* End XCConfigurationList section */
	};
	rootObject = 5794073C1DA7D81800D238A9 /* Project object */;
}
